{
  "name": "micro-framework",
  "version": "1.0.0",
  "lockfileVersion": 3,
  "requires": true,
  "packages": {
    "": {
      "name": "micro-framework",
      "version": "1.0.0",
      "license": "MIT",
      "dependencies": {
        "@luigi-project/client": "^2.23.1",
        "@luigi-project/core": "^2.23.1"
      }
    },
    "node_modules/@luigi-project/client": {
      "version": "2.23.1",
      "resolved": "https://registry.npmjs.org/@luigi-project/client/-/client-2.23.1.tgz",
      "integrity": "sha512-pTA6/dm4CMgtOPUvkgHzkxODTZR7VQ8qMDf31vyXAQgHcGN4wFVTegipKvFz5SerDfi2DBJFiV6G6JzCQX8GMA==",
      "license": "Apache-2.0"
    },
    "node_modules/@luigi-project/core": {
      "version": "2.23.1",
      "resolved": "https://registry.npmjs.org/@luigi-project/core/-/core-2.23.1.tgz",
      "integrity": "sha512-P/gTmeoSxolnN0rRjOdUWpkD8JgX05N12qT4Vf+VFGTudjwCeQTriCFPnMtnfcyvFyp+nb8o3xR/cEeL1yZ6bQ==",
      "license": "Apache-2.0"
    }
  }
}
